// !$*UTF8*$!
{
	archiveVersion = 1;
	classes = {
	};
	objectVersion = 46;
	objects = {

/* Begin PBXBuildFile section */
		B9DFB4861728759E007B8326 /* SSSecondViewController.m in Sources */ = {isa = PBXBuildFile; fileRef = B9DFB4851728759E007B8326 /* SSSecondViewController.m */; };
		B9F4345517286104007A93BA /* UIKit.framework in Frameworks */ = {isa = PBXBuildFile; fileRef = B9F4345417286104007A93BA /* UIKit.framework */; };
		B9F4345717286104007A93BA /* Foundation.framework in Frameworks */ = {isa = PBXBuildFile; fileRef = B9F4345617286104007A93BA /* Foundation.framework */; };
		B9F4345917286104007A93BA /* CoreGraphics.framework in Frameworks */ = {isa = PBXBuildFile; fileRef = B9F4345817286104007A93BA /* CoreGraphics.framework */; };
		B9F4345F17286104007A93BA /* InfoPlist.strings in Resources */ = {isa = PBXBuildFile; fileRef = B9F4345D17286104007A93BA /* InfoPlist.strings */; };
		B9F4346117286104007A93BA /* main.m in Sources */ = {isa = PBXBuildFile; fileRef = B9F4346017286104007A93BA /* main.m */; };
		B9F4346517286104007A93BA /* SSAppDelegate.m in Sources */ = {isa = PBXBuildFile; fileRef = B9F4346417286104007A93BA /* SSAppDelegate.m */; };
		B9F4346717286104007A93BA /* Default.png in Resources */ = {isa = PBXBuildFile; fileRef = B9F4346617286104007A93BA /* Default.png */; };
		B9F4346917286104007A93BA /* Default@2x.png in Resources */ = {isa = PBXBuildFile; fileRef = B9F4346817286104007A93BA /* Default@2x.png */; };
		B9F4346B17286104007A93BA /* Default-568h@2x.png in Resources */ = {isa = PBXBuildFile; fileRef = B9F4346A17286104007A93BA /* Default-568h@2x.png */; };
		B9F4346E17286104007A93BA /* MainStoryboard.storyboard in Resources */ = {isa = PBXBuildFile; fileRef = B9F4346C17286104007A93BA /* MainStoryboard.storyboard */; };
		B9F4347117286104007A93BA /* SSViewController.m in Sources */ = {isa = PBXBuildFile; fileRef = B9F4347017286104007A93BA /* SSViewController.m */; };
		B9F434791728632F007A93BA /* SSMenuViewController.m in Sources */ = {isa = PBXBuildFile; fileRef = B9F434781728632F007A93BA /* SSMenuViewController.m */; };
		B9F4347C17286618007A93BA /* SSFirstViewController.m in Sources */ = {isa = PBXBuildFile; fileRef = B9F4347B17286618007A93BA /* SSFirstViewController.m */; };
		B9F4347F1728666F007A93BA /* SSInitialViewController.m in Sources */ = {isa = PBXBuildFile; fileRef = B9F4347E1728666E007A93BA /* SSInitialViewController.m */; };
		C9E32BAD788B45168A11B143 /* libPods.a in Frameworks */ = {isa = PBXBuildFile; fileRef = B477C3C08AF54566B4E814DE /* libPods.a */; };
/* End PBXBuildFile section */

/* Begin PBXFileReference section */
		4F1910B5B9924EE3AE2EF649 /* Pods.xcconfig */ = {isa = PBXFileReference; includeInIndex = 1; lastKnownFileType = text.xcconfig; name = Pods.xcconfig; path = Pods/Pods.xcconfig; sourceTree = SOURCE_ROOT; };
		B477C3C08AF54566B4E814DE /* libPods.a */ = {isa = PBXFileReference; explicitFileType = archive.ar; includeInIndex = 0; path = libPods.a; sourceTree = BUILT_PRODUCTS_DIR; };
		B9DFB4841728759E007B8326 /* SSSecondViewController.h */ = {isa = PBXFileReference; fileEncoding = 4; lastKnownFileType = sourcecode.c.h; path = SSSecondViewController.h; sourceTree = "<group>"; };
		B9DFB4851728759E007B8326 /* SSSecondViewController.m */ = {isa = PBXFileReference; fileEncoding = 4; lastKnownFileType = sourcecode.c.objc; path = SSSecondViewController.m; sourceTree = "<group>"; };
		B9F4345117286104007A93BA /* StoryBoard+Sliding.app */ = {isa = PBXFileReference; explicitFileType = wrapper.application; includeInIndex = 0; path = "StoryBoard+Sliding.app"; sourceTree = BUILT_PRODUCTS_DIR; };
		B9F4345417286104007A93BA /* UIKit.framework */ = {isa = PBXFileReference; lastKnownFileType = wrapper.framework; name = UIKit.framework; path = System/Library/Frameworks/UIKit.framework; sourceTree = SDKROOT; };
		B9F4345617286104007A93BA /* Foundation.framework */ = {isa = PBXFileReference; lastKnownFileType = wrapper.framework; name = Foundation.framework; path = System/Library/Frameworks/Foundation.framework; sourceTree = SDKROOT; };
		B9F4345817286104007A93BA /* CoreGraphics.framework */ = {isa = PBXFileReference; lastKnownFileType = wrapper.framework; name = CoreGraphics.framework; path = System/Library/Frameworks/CoreGraphics.framework; sourceTree = SDKROOT; };
		B9F4345C17286104007A93BA /* StoryBoard+Sliding-Info.plist */ = {isa = PBXFileReference; lastKnownFileType = text.plist.xml; path = "StoryBoard+Sliding-Info.plist"; sourceTree = "<group>"; };
		B9F4345E17286104007A93BA /* en */ = {isa = PBXFileReference; lastKnownFileType = text.plist.strings; name = en; path = en.lproj/InfoPlist.strings; sourceTree = "<group>"; };
		B9F4346017286104007A93BA /* main.m */ = {isa = PBXFileReference; lastKnownFileType = sourcecode.c.objc; path = main.m; sourceTree = "<group>"; };
		B9F4346217286104007A93BA /* StoryBoard+Sliding-Prefix.pch */ = {isa = PBXFileReference; lastKnownFileType = sourcecode.c.h; path = "StoryBoard+Sliding-Prefix.pch"; sourceTree = "<group>"; };
		B9F4346317286104007A93BA /* SSAppDelegate.h */ = {isa = PBXFileReference; lastKnownFileType = sourcecode.c.h; path = SSAppDelegate.h; sourceTree = "<group>"; };
		B9F4346417286104007A93BA /* SSAppDelegate.m */ = {isa = PBXFileReference; lastKnownFileType = sourcecode.c.objc; path = SSAppDelegate.m; sourceTree = "<group>"; };
		B9F4346617286104007A93BA /* Default.png */ = {isa = PBXFileReference; lastKnownFileType = image.png; path = Default.png; sourceTree = "<group>"; };
		B9F4346817286104007A93BA /* Default@2x.png */ = {isa = PBXFileReference; lastKnownFileType = image.png; path = "Default@2x.png"; sourceTree = "<group>"; };
		B9F4346A17286104007A93BA /* Default-568h@2x.png */ = {isa = PBXFileReference; lastKnownFileType = image.png; path = "Default-568h@2x.png"; sourceTree = "<group>"; };
		B9F4346D17286104007A93BA /* en */ = {isa = PBXFileReference; lastKnownFileType = file.storyboard; name = en; path = en.lproj/MainStoryboard.storyboard; sourceTree = "<group>"; };
		B9F4346F17286104007A93BA /* SSViewController.h */ = {isa = PBXFileReference; lastKnownFileType = sourcecode.c.h; path = SSViewController.h; sourceTree = "<group>"; };
		B9F4347017286104007A93BA /* SSViewController.m */ = {isa = PBXFileReference; lastKnownFileType = sourcecode.c.objc; path = SSViewController.m; sourceTree = "<group>"; };
		B9F434771728632F007A93BA /* SSMenuViewController.h */ = {isa = PBXFileReference; fileEncoding = 4; lastKnownFileType = sourcecode.c.h; path = SSMenuViewController.h; sourceTree = "<group>"; };
		B9F434781728632F007A93BA /* SSMenuViewController.m */ = {isa = PBXFileReference; fileEncoding = 4; lastKnownFileType = sourcecode.c.objc; path = SSMenuViewController.m; sourceTree = "<group>"; };
		B9F4347A17286618007A93BA /* SSFirstViewController.h */ = {isa = PBXFileReference; fileEncoding = 4; lastKnownFileType = sourcecode.c.h; path = SSFirstViewController.h; sourceTree = "<group>"; };
		B9F4347B17286618007A93BA /* SSFirstViewController.m */ = {isa = PBXFileReference; fileEncoding = 4; lastKnownFileType = sourcecode.c.objc; path = SSFirstViewController.m; sourceTree = "<group>"; };
		B9F4347D1728666E007A93BA /* SSInitialViewController.h */ = {isa = PBXFileReference; fileEncoding = 4; lastKnownFileType = sourcecode.c.h; name = SSInitialViewController.h; path = ../SSInitialViewController.h; sourceTree = "<group>"; };
		B9F4347E1728666E007A93BA /* SSInitialViewController.m */ = {isa = PBXFileReference; fileEncoding = 4; lastKnownFileType = sourcecode.c.objc; name = SSInitialViewController.m; path = ../SSInitialViewController.m; sourceTree = "<group>"; };
/* End PBXFileReference section */

/* Begin PBXFrameworksBuildPhase section */
		B9F4344E17286104007A93BA /* Frameworks */ = {
			isa = PBXFrameworksBuildPhase;
			buildActionMask = 2147483647;
			files = (
				B9F4345517286104007A93BA /* UIKit.framework in Frameworks */,
				B9F4345717286104007A93BA /* Foundation.framework in Frameworks */,
				B9F4345917286104007A93BA /* CoreGraphics.framework in Frameworks */,
				C9E32BAD788B45168A11B143 /* libPods.a in Frameworks */,
			);
			runOnlyForDeploymentPostprocessing = 0;
		};
/* End PBXFrameworksBuildPhase section */

/* Begin PBXGroup section */
		B9F4344817286104007A93BA = {
			isa = PBXGroup;
			children = (
				B9F4345A17286104007A93BA /* StoryBoard+Sliding */,
				B9F4345317286104007A93BA /* Frameworks */,
				B9F4345217286104007A93BA /* Products */,
				4F1910B5B9924EE3AE2EF649 /* Pods.xcconfig */,
			);
			sourceTree = "<group>";
		};
		B9F4345217286104007A93BA /* Products */ = {
			isa = PBXGroup;
			children = (
				B9F4345117286104007A93BA /* StoryBoard+Sliding.app */,
			);
			name = Products;
			sourceTree = "<group>";
		};
		B9F4345317286104007A93BA /* Frameworks */ = {
			isa = PBXGroup;
			children = (
				B9F4345417286104007A93BA /* UIKit.framework */,
				B9F4345617286104007A93BA /* Foundation.framework */,
				B9F4345817286104007A93BA /* CoreGraphics.framework */,
				B477C3C08AF54566B4E814DE /* libPods.a */,
			);
			name = Frameworks;
			sourceTree = "<group>";
		};
		B9F4345A17286104007A93BA /* StoryBoard+Sliding */ = {
			isa = PBXGroup;
			children = (
				B9F4347D1728666E007A93BA /* SSInitialViewController.h */,
				B9F4347E1728666E007A93BA /* SSInitialViewController.m */,
				B9F4346317286104007A93BA /* SSAppDelegate.h */,
				B9F4346417286104007A93BA /* SSAppDelegate.m */,
				B9F4346C17286104007A93BA /* MainStoryboard.storyboard */,
				B9F4346F17286104007A93BA /* SSViewController.h */,
				B9F4347017286104007A93BA /* SSViewController.m */,
				B9F4345B17286104007A93BA /* Supporting Files */,
				B9F434771728632F007A93BA /* SSMenuViewController.h */,
				B9F434781728632F007A93BA /* SSMenuViewController.m */,
				B9F4347A17286618007A93BA /* SSFirstViewController.h */,
				B9F4347B17286618007A93BA /* SSFirstViewController.m */,
				B9DFB4841728759E007B8326 /* SSSecondViewController.h */,
				B9DFB4851728759E007B8326 /* SSSecondViewController.m */,
			);
			path = "StoryBoard+Sliding";
			sourceTree = "<group>";
		};
		B9F4345B17286104007A93BA /* Supporting Files */ = {
			isa = PBXGroup;
			children = (
				B9F4345C17286104007A93BA /* StoryBoard+Sliding-Info.plist */,
				B9F4345D17286104007A93BA /* InfoPlist.strings */,
				B9F4346017286104007A93BA /* main.m */,
				B9F4346217286104007A93BA /* StoryBoard+Sliding-Prefix.pch */,
				B9F4346617286104007A93BA /* Default.png */,
				B9F4346817286104007A93BA /* Default@2x.png */,
				B9F4346A17286104007A93BA /* Default-568h@2x.png */,
			);
			name = "Supporting Files";
			sourceTree = "<group>";
		};
/* End PBXGroup section */

/* Begin PBXNativeTarget section */
		B9F4345017286104007A93BA /* StoryBoard+Sliding */ = {
			isa = PBXNativeTarget;
			buildConfigurationList = B9F4347417286104007A93BA /* Build configuration list for PBXNativeTarget "StoryBoard+Sliding" */;
			buildPhases = (
				A740B580F85A4F4ABA2411AB /* Check Pods Manifest.lock */,
				B9F4344D17286104007A93BA /* Sources */,
				B9F4344E17286104007A93BA /* Frameworks */,
				B9F4344F17286104007A93BA /* Resources */,
				418B721C0F514BB4A606181B /* Copy Pods Resources */,
			);
			buildRules = (
			);
			dependencies = (
			);
			name = "StoryBoard+Sliding";
			productName = "StoryBoard+Sliding";
			productReference = B9F4345117286104007A93BA /* StoryBoard+Sliding.app */;
			productType = "com.apple.product-type.application";
		};
/* End PBXNativeTarget section */

/* Begin PBXProject section */
		B9F4344917286104007A93BA /* Project object */ = {
			isa = PBXProject;
			attributes = {
				CLASSPREFIX = SS;
				LastUpgradeCheck = 0460;
				ORGANIZATIONNAME = yaakaito.org;
			};
			buildConfigurationList = B9F4344C17286104007A93BA /* Build configuration list for PBXProject "StoryBoard+Sliding" */;
			compatibilityVersion = "Xcode 3.2";
			developmentRegion = English;
			hasScannedForEncodings = 0;
			knownRegions = (
				en,
			);
			mainGroup = B9F4344817286104007A93BA;
			productRefGroup = B9F4345217286104007A93BA /* Products */;
			projectDirPath = "";
			projectRoot = "";
			targets = (
				B9F4345017286104007A93BA /* StoryBoard+Sliding */,
			);
		};
/* End PBXProject section */

/* Begin PBXResourcesBuildPhase section */
		B9F4344F17286104007A93BA /* Resources */ = {
			isa = PBXResourcesBuildPhase;
			buildActionMask = 2147483647;
			files = (
				B9F4345F17286104007A93BA /* InfoPlist.strings in Resources */,
				B9F4346717286104007A93BA /* Default.png in Resources */,
				B9F4346917286104007A93BA /* Default@2x.png in Resources */,
				B9F4346B17286104007A93BA /* Default-568h@2x.png in Resources */,
				B9F4346E17286104007A93BA /* MainStoryboard.storyboard in Resources */,
			);
			runOnlyForDeploymentPostprocessing = 0;
		};
/* End PBXResourcesBuildPhase section */

/* Begin PBXShellScriptBuildPhase section */
		418B721C0F514BB4A606181B /* Copy Pods Resources */ = {
			isa = PBXShellScriptBuildPhase;
			buildActionMask = 2147483647;
			files = (
			);
			inputPaths = (
			);
			name = "Copy Pods Resources";
			outputPaths = (
			);
			runOnlyForDeploymentPostprocessing = 0;
			shellPath = /bin/sh;
			shellScript = "\"${SRCROOT}/Pods/Pods-resources.sh\"\n";
		};
		A740B580F85A4F4ABA2411AB /* Check Pods Manifest.lock */ = {
			isa = PBXShellScriptBuildPhase;
			buildActionMask = 2147483647;
			files = (
			);
			inputPaths = (
			);
			name = "Check Pods Manifest.lock";
			outputPaths = (
			);
			runOnlyForDeploymentPostprocessing = 0;
			shellPath = /bin/sh;
			shellScript = "diff \"${PODS_ROOT}/../Podfile.lock\" \"${PODS_ROOT}/Manifest.lock\" > /dev/null\nif [[ $? != 0 ]] ; then\n    cat << EOM\nerror: The sanbox is not in sync with the Podfile.lock. Run 'pod install'.\nEOM\n    exit 1\nfi\n";
		};
/* End PBXShellScriptBuildPhase section */

/* Begin PBXSourcesBuildPhase section */
		B9F4344D17286104007A93BA /* Sources */ = {
			isa = PBXSourcesBuildPhase;
			buildActionMask = 2147483647;
			files = (
				B9F4346117286104007A93BA /* main.m in Sources */,
				B9F4346517286104007A93BA /* SSAppDelegate.m in Sources */,
				B9F4347117286104007A93BA /* SSViewController.m in Sources */,
				B9F434791728632F007A93BA /* SSMenuViewController.m in Sources */,
				B9F4347C17286618007A93BA /* SSFirstViewController.m in Sources */,
				B9F4347F1728666F007A93BA /* SSInitialViewController.m in Sources */,
				B9DFB4861728759E007B8326 /* SSSecondViewController.m in Sources */,
			);
			runOnlyForDeploymentPostprocessing = 0;
		};
/* End PBXSourcesBuildPhase section */

/* Begin PBXVariantGroup section */
		B9F4345D17286104007A93BA /* InfoPlist.strings */ = {
			isa = PBXVariantGroup;
			children = (
				B9F4345E17286104007A93BA /* en */,
			);
			name = InfoPlist.strings;
			sourceTree = "<group>";
		};
		B9F4346C17286104007A93BA /* MainStoryboard.storyboard */ = {
			isa = PBXVariantGroup;
			children = (
				B9F4346D17286104007A93BA /* en */,
			);
			name = MainStoryboard.storyboard;
			sourceTree = "<group>";
		};
/* End PBXVariantGroup section */

/* Begin XCBuildConfiguration section */
		B9F4347217286104007A93BA /* Debug */ = {
			isa = XCBuildConfiguration;
			buildSettings = {
				ALWAYS_SEARCH_USER_PATHS = NO;
				CLANG_CXX_LANGUAGE_STANDARD = "gnu++0x";
				CLANG_CXX_LIBRARY = "libc++";
				CLANG_ENABLE_OBJC_ARC = YES;
				CLANG_WARN_CONSTANT_CONVERSION = YES;
				CLANG_WARN_EMPTY_BODY = YES;
				CLANG_WARN_ENUM_CONVERSION = YES;
				CLANG_WARN_INT_CONVERSION = YES;
				CLANG_WARN__DUPLICATE_METHOD_MATCH = YES;
				"CODE_SIGN_IDENTITY[sdk=iphoneos*]" = "iPhone Developer";
				COPY_PHASE_STRIP = NO;
				GCC_C_LANGUAGE_STANDARD = gnu99;
				GCC_DYNAMIC_NO_PIC = NO;
				GCC_OPTIMIZATION_LEVEL = 0;
				GCC_PREPROCESSOR_DEFINITIONS = (
					"DEBUG=1",
					"$(inherited)",
				);
				GCC_SYMBOLS_PRIVATE_EXTERN = NO;
				GCC_WARN_ABOUT_RETURN_TYPE = YES;
				GCC_WARN_UNINITIALIZED_AUTOS = YES;
				GCC_WARN_UNUSED_VARIABLE = YES;
				IPHONEOS_DEPLOYMENT_TARGET = 6.1;
				ONLY_ACTIVE_ARCH = YES;
				SDKROOT = iphoneos;
			};
			name = Debug;
		};
		B9F4347317286104007A93BA /* Release */ = {
			isa = XCBuildConfiguration;
			buildSettings = {
				ALWAYS_SEARCH_USER_PATHS = NO;
				CLANG_CXX_LANGUAGE_STANDARD = "gnu++0x";
				CLANG_CXX_LIBRARY = "libc++";
				CLANG_ENABLE_OBJC_ARC = YES;
				CLANG_WARN_CONSTANT_CONVERSION = YES;
				CLANG_WARN_EMPTY_BODY = YES;
				CLANG_WARN_ENUM_CONVERSION = YES;
				CLANG_WARN_INT_CONVERSION = YES;
				CLANG_WARN__DUPLICATE_METHOD_MATCH = YES;
				"CODE_SIGN_IDENTITY[sdk=iphoneos*]" = "iPhone Developer";
				COPY_PHASE_STRIP = YES;
				GCC_C_LANGUAGE_STANDARD = gnu99;
				GCC_WARN_ABOUT_RETURN_TYPE = YES;
				GCC_WARN_UNINITIALIZED_AUTOS = YES;
				GCC_WARN_UNUSED_VARIABLE = YES;
				IPHONEOS_DEPLOYMENT_TARGET = 6.1;
				OTHER_CFLAGS = "-DNS_BLOCK_ASSERTIONS=1";
				SDKROOT = iphoneos;
				VALIDATE_PRODUCT = YES;
			};
			name = Release;
		};
		B9F4347517286104007A93BA /* Debug */ = {
			isa = XCBuildConfiguration;
			baseConfigurationReference = 4F1910B5B9924EE3AE2EF649 /* Pods.xcconfig */;
			buildSettings = {
				GCC_PRECOMPILE_PREFIX_HEADER = YES;
				GCC_PREFIX_HEADER = "StoryBoard+Sliding/StoryBoard+Sliding-Prefix.pch";
				INFOPLIST_FILE = "StoryBoard+Sliding/StoryBoard+Sliding-Info.plist";
				PRODUCT_NAME = "$(TARGET_NAME)";
				WRAPPER_EXTENSION = app;
			};
			name = Debug;
		};
		B9F4347617286104007A93BA /* Release */ = {
			isa = XCBuildConfiguration;
			baseConfigurationReference = 4F1910B5B9924EE3AE2EF649 /* Pods.xcconfig */;
			buildSettings = {
				GCC_PRECOMPILE_PREFIX_HEADER = YES;
				GCC_PREFIX_HEADER = "StoryBoard+Sliding/StoryBoard+Sliding-Prefix.pch";
				INFOPLIST_FILE = "StoryBoard+Sliding/StoryBoard+Sliding-Info.plist";
				PRODUCT_NAME = "$(TARGET_NAME)";
				WRAPPER_EXTENSION = app;
			};
			name = Release;
		};
/* End XCBuildConfiguration section */

/* Begin XCConfigurationList section */
		B9F4344C17286104007A93BA /* Build configuration list for PBXProject "StoryBoard+Sliding" */ = {
			isa = XCConfigurationList;
			buildConfigurations = (
				B9F4347217286104007A93BA /* Debug */,
				B9F4347317286104007A93BA /* Release */,
			);
			defaultConfigurationIsVisible = 0;
			defaultConfigurationName = Release;
		};
		B9F4347417286104007A93BA /* Build configuration list for PBXNativeTarget "StoryBoard+Sliding" */ = {
			isa = XCConfigurationList;
			buildConfigurations = (
				B9F4347517286104007A93BA /* Debug */,
				B9F4347617286104007A93BA /* Release */,
			);
			defaultConfigurationIsVisible = 0;
			defaultConfigurationName = Release;
		};
/* End XCConfigurationList section */
	};
	rootObject = B9F4344917286104007A93BA /* Project object */;
}
